// !$*UTF8*$!
{
	archiveVersion = 1;
	classes = {
	};
	objectVersion = 46;
	objects = {

/* Begin PBXBuildFile section */
		5167508F1C6D4D8800AEC6F7 /* main.cpp in Sources */ = {isa = PBXBuildFile; fileRef = 5167508E1C6D4D8800AEC6F7 /* main.cpp */; };
		516750981C6D4EB100AEC6F7 /* TSP.cpp in Sources */ = {isa = PBXBuildFile; fileRef = 516750961C6D4EB100AEC6F7 /* TSP.cpp */; };
		5167509B1C6D502400AEC6F7 /* City.cpp in Sources */ = {isa = PBXBuildFile; fileRef = 516750991C6D502400AEC6F7 /* City.cpp */; };
		516750B31C6D653800AEC6F7 /* TSPTest.cpp in Sources */ = {isa = PBXBuildFile; fileRef = 5167509F1C6D539000AEC6F7 /* TSPTest.cpp */; };
		516750B41C6D653800AEC6F7 /* TSP.cpp in Sources */ = {isa = PBXBuildFile; fileRef = 516750961C6D4EB100AEC6F7 /* TSP.cpp */; };
		516750B51C6D653800AEC6F7 /* City.cpp in Sources */ = {isa = PBXBuildFile; fileRef = 516750991C6D502400AEC6F7 /* City.cpp */; };
/* End PBXBuildFile section */

/* Begin PBXCopyFilesBuildPhase section */
		516750891C6D4D8700AEC6F7 /* Copy Files */ = {
			isa = PBXCopyFilesBuildPhase;
			buildActionMask = 2147483647;
			dstPath = /usr/share/man/man1/;
			dstSubfolderSpec = 0;
			files = (
			);
			name = "Copy Files";
			runOnlyForDeploymentPostprocessing = 1;
		};
		516750AA1C6D652300AEC6F7 /* CopyFiles */ = {
			isa = PBXCopyFilesBuildPhase;
			buildActionMask = 2147483647;
			dstPath = /usr/share/man/man1/;
			dstSubfolderSpec = 0;
			files = (
			);
			runOnlyForDeploymentPostprocessing = 1;
		};
/* End PBXCopyFilesBuildPhase section */

/* Begin PBXFileReference section */
		5167508B1C6D4D8800AEC6F7 /* TSP-simulated-annealing */ = {isa = PBXFileReference; explicitFileType = "compiled.mach-o.executable"; includeInIndex = 0; path = "TSP-simulated-annealing"; sourceTree = BUILT_PRODUCTS_DIR; };
		5167508E1C6D4D8800AEC6F7 /* main.cpp */ = {isa = PBXFileReference; lastKnownFileType = sourcecode.cpp.cpp; path = main.cpp; sourceTree = "<group>"; };
		516750951C6D4DD100AEC6F7 /* randTSP */ = {isa = PBXFileReference; lastKnownFileType = folder; path = randTSP; sourceTree = SOURCE_ROOT; };
		516750961C6D4EB100AEC6F7 /* TSP.cpp */ = {isa = PBXFileReference; fileEncoding = 4; lastKnownFileType = sourcecode.cpp.cpp; path = TSP.cpp; sourceTree = "<group>"; };
		516750971C6D4EB100AEC6F7 /* TSP.hpp */ = {isa = PBXFileReference; fileEncoding = 4; lastKnownFileType = sourcecode.cpp.h; path = TSP.hpp; sourceTree = "<group>"; };
		516750991C6D502400AEC6F7 /* City.cpp */ = {isa = PBXFileReference; fileEncoding = 4; lastKnownFileType = sourcecode.cpp.cpp; path = City.cpp; sourceTree = "<group>"; };
		5167509A1C6D502400AEC6F7 /* City.hpp */ = {isa = PBXFileReference; fileEncoding = 4; lastKnownFileType = sourcecode.cpp.h; path = City.hpp; sourceTree = "<group>"; };
		5167509F1C6D539000AEC6F7 /* TSPTest.cpp */ = {isa = PBXFileReference; fileEncoding = 4; lastKnownFileType = sourcecode.cpp.cpp; path = TSPTest.cpp; sourceTree = "<group>"; };
		516750AC1C6D652300AEC6F7 /* TSP-simulated-annealing-Test */ = {isa = PBXFileReference; explicitFileType = "compiled.mach-o.executable"; includeInIndex = 0; path = "TSP-simulated-annealing-Test"; sourceTree = BUILT_PRODUCTS_DIR; };
/* End PBXFileReference section */

/* Begin PBXFrameworksBuildPhase section */
		516750881C6D4D8700AEC6F7 /* Frameworks */ = {
			isa = PBXFrameworksBuildPhase;
			buildActionMask = 2147483647;
			files = (
			);
			runOnlyForDeploymentPostprocessing = 0;
		};
		516750A91C6D652300AEC6F7 /* Frameworks */ = {
			isa = PBXFrameworksBuildPhase;
			buildActionMask = 2147483647;
			files = (
			);
			runOnlyForDeploymentPostprocessing = 0;
		};
/* End PBXFrameworksBuildPhase section */

/* Begin PBXGroup section */
		516750821C6D4D8700AEC6F7 = {
			isa = PBXGroup;
			children = (
				5167508D1C6D4D8800AEC6F7 /* TSP-simulated-annealing */,
				5167508C1C6D4D8800AEC6F7 /* Products */,
			);
			sourceTree = "<group>";
		};
		5167508C1C6D4D8800AEC6F7 /* Products */ = {
			isa = PBXGroup;
			children = (
				5167508B1C6D4D8800AEC6F7 /* TSP-simulated-annealing */,
				516750AC1C6D652300AEC6F7 /* TSP-simulated-annealing-Test */,
			);
			name = Products;
			sourceTree = "<group>";
		};
		5167508D1C6D4D8800AEC6F7 /* TSP-simulated-annealing */ = {
			isa = PBXGroup;
			children = (
				5167509E1C6D535800AEC6F7 /* unitTest */,
				5167509C1C6D508A00AEC6F7 /* include */,
				5167509D1C6D50F200AEC6F7 /* lib */,
				5167508E1C6D4D8800AEC6F7 /* main.cpp */,
				516750951C6D4DD100AEC6F7 /* randTSP */,
			);
			path = "TSP-simulated-annealing";
			sourceTree = "<group>";
		};
		5167509C1C6D508A00AEC6F7 /* include */ = {
			isa = PBXGroup;
			children = (
				5167509A1C6D502400AEC6F7 /* City.hpp */,
				516750971C6D4EB100AEC6F7 /* TSP.hpp */,
			);
			name = include;
			sourceTree = "<group>";
		};
		5167509D1C6D50F200AEC6F7 /* lib */ = {
			isa = PBXGroup;
			children = (
				516750961C6D4EB100AEC6F7 /* TSP.cpp */,
				516750991C6D502400AEC6F7 /* City.cpp */,
			);
			name = lib;
			sourceTree = "<group>";
		};
		5167509E1C6D535800AEC6F7 /* unitTest */ = {
			isa = PBXGroup;
			children = (
				5167509F1C6D539000AEC6F7 /* TSPTest.cpp */,
			);
			name = unitTest;
			sourceTree = "<group>";
		};
/* End PBXGroup section */

/* Begin PBXNativeTarget section */
		5167508A1C6D4D8700AEC6F7 /* TSP-simulated-annealing */ = {
			isa = PBXNativeTarget;
			buildConfigurationList = 516750921C6D4D8800AEC6F7 /* Build configuration list for PBXNativeTarget "TSP-simulated-annealing" */;
			buildPhases = (
				516750871C6D4D8700AEC6F7 /* Sources */,
				516750881C6D4D8700AEC6F7 /* Frameworks */,
				516750891C6D4D8700AEC6F7 /* Copy Files */,
			);
			buildRules = (
			);
			dependencies = (
			);
			name = "TSP-simulated-annealing";
			productName = "TSP-simulated-annealing";
			productReference = 5167508B1C6D4D8800AEC6F7 /* TSP-simulated-annealing */;
			productType = "com.apple.product-type.tool";
		};
		516750AB1C6D652300AEC6F7 /* TSP-simulated-annealing-Test */ = {
			isa = PBXNativeTarget;
			buildConfigurationList = 516750B01C6D652300AEC6F7 /* Build configuration list for PBXNativeTarget "TSP-simulated-annealing-Test" */;
			buildPhases = (
				516750A81C6D652300AEC6F7 /* Sources */,
				516750A91C6D652300AEC6F7 /* Frameworks */,
				516750AA1C6D652300AEC6F7 /* CopyFiles */,
			);
			buildRules = (
			);
			dependencies = (
			);
			name = "TSP-simulated-annealing-Test";
			productName = "TSP-simulated-annealing-Test";
			productReference = 516750AC1C6D652300AEC6F7 /* TSP-simulated-annealing-Test */;
			productType = "com.apple.product-type.tool";
		};
/* End PBXNativeTarget section */

/* Begin PBXProject section */
		516750831C6D4D8700AEC6F7 /* Project object */ = {
			isa = PBXProject;
			attributes = {
				LastUpgradeCheck = 0720;
				ORGANIZATIONNAME = "Eugene Zhang";
				TargetAttributes = {
					5167508A1C6D4D8700AEC6F7 = {
						CreatedOnToolsVersion = 7.2.1;
					};
					516750AB1C6D652300AEC6F7 = {
						CreatedOnToolsVersion = 7.2.1;
					};
				};
			};
			buildConfigurationList = 516750861C6D4D8700AEC6F7 /* Build configuration list for PBXProject "TSP-simulated-annealing" */;
			compatibilityVersion = "Xcode 3.2";
			developmentRegion = English;
			hasScannedForEncodings = 0;
			knownRegions = (
				en,
			);
			mainGroup = 516750821C6D4D8700AEC6F7;
			productRefGroup = 5167508C1C6D4D8800AEC6F7 /* Products */;
			projectDirPath = "";
			projectRoot = "";
			targets = (
				5167508A1C6D4D8700AEC6F7 /* TSP-simulated-annealing */,
				516750AB1C6D652300AEC6F7 /* TSP-simulated-annealing-Test */,
			);
		};
/* End PBXProject section */

/* Begin PBXSourcesBuildPhase section */
		516750871C6D4D8700AEC6F7 /* Sources */ = {
			isa = PBXSourcesBuildPhase;
			buildActionMask = 2147483647;
			files = (
				5167509B1C6D502400AEC6F7 /* City.cpp in Sources */,
				5167508F1C6D4D8800AEC6F7 /* main.cpp in Sources */,
				516750981C6D4EB100AEC6F7 /* TSP.cpp in Sources */,
			);
			runOnlyForDeploymentPostprocessing = 0;
		};
		516750A81C6D652300AEC6F7 /* Sources */ = {
			isa = PBXSourcesBuildPhase;
			buildActionMask = 2147483647;
			files = (
				516750B31C6D653800AEC6F7 /* TSPTest.cpp in Sources */,
				516750B41C6D653800AEC6F7 /* TSP.cpp in Sources */,
				516750B51C6D653800AEC6F7 /* City.cpp in Sources */,
			);
			runOnlyForDeploymentPostprocessing = 0;
		};
/* End PBXSourcesBuildPhase section */

/* Begin XCBuildConfiguration section */
		516750901C6D4D8800AEC6F7 /* Debug */ = {
			isa = XCBuildConfiguration;
			buildSettings = {
				ALWAYS_SEARCH_USER_PATHS = NO;
				CLANG_CXX_LANGUAGE_STANDARD = "gnu++0x";
				CLANG_CXX_LIBRARY = "libc++";
				CLANG_ENABLE_MODULES = YES;
				CLANG_ENABLE_OBJC_ARC = YES;
				CLANG_WARN_BOOL_CONVERSION = YES;
				CLANG_WARN_CONSTANT_CONVERSION = YES;
				CLANG_WARN_DIRECT_OBJC_ISA_USAGE = YES_ERROR;
				CLANG_WARN_EMPTY_BODY = YES;
				CLANG_WARN_ENUM_CONVERSION = YES;
				CLANG_WARN_INT_CONVERSION = YES;
				CLANG_WARN_OBJC_ROOT_CLASS = YES_ERROR;
				CLANG_WARN_UNREACHABLE_CODE = YES;
				CLANG_WARN__DUPLICATE_METHOD_MATCH = YES;
				CODE_SIGN_IDENTITY = "-";
				COPY_PHASE_STRIP = NO;
				DEBUG_INFORMATION_FORMAT = dwarf;
				ENABLE_STRICT_OBJC_MSGSEND = YES;
				ENABLE_TESTABILITY = YES;
				GCC_C_LANGUAGE_STANDARD = gnu99;
				GCC_DYNAMIC_NO_PIC = NO;
				GCC_NO_COMMON_BLOCKS = YES;
				GCC_OPTIMIZATION_LEVEL = 0;
				GCC_PREPROCESSOR_DEFINITIONS = (
					"DEBUG=1",
					"$(inherited)",
				);
				GCC_WARN_64_TO_32_BIT_CONVERSION = YES;
				GCC_WARN_ABOUT_RETURN_TYPE = YES_ERROR;
				GCC_WARN_UNDECLARED_SELECTOR = YES;
				GCC_WARN_UNINITIALIZED_AUTOS = YES_AGGRESSIVE;
				GCC_WARN_UNUSED_FUNCTION = YES;
				GCC_WARN_UNUSED_VARIABLE = YES;
				MACOSX_DEPLOYMENT_TARGET = 10.11;
				MTL_ENABLE_DEBUG_INFO = YES;
				ONLY_ACTIVE_ARCH = YES;
				SDKROOT = macosx;
			};
			name = Debug;
		};
		516750911C6D4D8800AEC6F7 /* Release */ = {
			isa = XCBuildConfiguration;
			buildSettings = {
				ALWAYS_SEARCH_USER_PATHS = NO;
				CLANG_CXX_LANGUAGE_STANDARD = "gnu++0x";
				CLANG_CXX_LIBRARY = "libc++";
				CLANG_ENABLE_MODULES = YES;
				CLANG_ENABLE_OBJC_ARC = YES;
				CLANG_WARN_BOOL_CONVERSION = YES;
				CLANG_WARN_CONSTANT_CONVERSION = YES;
				CLANG_WARN_DIRECT_OBJC_ISA_USAGE = YES_ERROR;
				CLANG_WARN_EMPTY_BODY = YES;
				CLANG_WARN_ENUM_CONVERSION = YES;
				CLANG_WARN_INT_CONVERSION = YES;
				CLANG_WARN_OBJC_ROOT_CLASS = YES_ERROR;
				CLANG_WARN_UNREACHABLE_CODE = YES;
				CLANG_WARN__DUPLICATE_METHOD_MATCH = YES;
				CODE_SIGN_IDENTITY = "-";
				COPY_PHASE_STRIP = NO;
				DEBUG_INFORMATION_FORMAT = "dwarf-with-dsym";
				ENABLE_NS_ASSERTIONS = NO;
				ENABLE_STRICT_OBJC_MSGSEND = YES;
				GCC_C_LANGUAGE_STANDARD = gnu99;
				GCC_NO_COMMON_BLOCKS = YES;
				GCC_WARN_64_TO_32_BIT_CONVERSION = YES;
				GCC_WARN_ABOUT_RETURN_TYPE = YES_ERROR;
				GCC_WARN_UNDECLARED_SELECTOR = YES;
				GCC_WARN_UNINITIALIZED_AUTOS = YES_AGGRESSIVE;
				GCC_WARN_UNUSED_FUNCTION = YES;
				GCC_WARN_UNUSED_VARIABLE = YES;
				MACOSX_DEPLOYMENT_TARGET = 10.11;
				MTL_ENABLE_DEBUG_INFO = NO;
				SDKROOT = macosx;
			};
			name = Release;
		};
		516750931C6D4D8800AEC6F7 /* Debug */ = {
			isa = XCBuildConfiguration;
			buildSettings = {
				PRODUCT_NAME = "$(TARGET_NAME)";
			};
			name = Debug;
		};
		516750941C6D4D8800AEC6F7 /* Release */ = {
			isa = XCBuildConfiguration;
			buildSettings = {
				PRODUCT_NAME = "$(TARGET_NAME)";
			};
			name = Release;
		};
		516750B11C6D652300AEC6F7 /* Debug */ = {
			isa = XCBuildConfiguration;
			buildSettings = {
				PRODUCT_NAME = "$(TARGET_NAME)";
			};
			name = Debug;
		};
		516750B21C6D652300AEC6F7 /* Release */ = {
			isa = XCBuildConfiguration;
			buildSettings = {
				PRODUCT_NAME = "$(TARGET_NAME)";
			};
			name = Release;
		};
/* End XCBuildConfiguration section */

/* Begin XCConfigurationList section */
		516750861C6D4D8700AEC6F7 /* Build configuration list for PBXProject "TSP-simulated-annealing" */ = {
			isa = XCConfigurationList;
			buildConfigurations = (
				516750901C6D4D8800AEC6F7 /* Debug */,
				516750911C6D4D8800AEC6F7 /* Release */,
			);
			defaultConfigurationIsVisible = 0;
			defaultConfigurationName = Release;
		};
		516750921C6D4D8800AEC6F7 /* Build configuration list for PBXNativeTarget "TSP-simulated-annealing" */ = {
			isa = XCConfigurationList;
			buildConfigurations = (
				516750931C6D4D8800AEC6F7 /* Debug */,
				516750941C6D4D8800AEC6F7 /* Release */,
			);
			defaultConfigurationIsVisible = 0;
			defaultConfigurationName = Release;
		};
		516750B01C6D652300AEC6F7 /* Build configuration list for PBXNativeTarget "TSP-simulated-annealing-Test" */ = {
			isa = XCConfigurationList;
			buildConfigurations = (
				516750B11C6D652300AEC6F7 /* Debug */,
				516750B21C6D652300AEC6F7 /* Release */,
			);
			defaultConfigurationIsVisible = 0;
		};
/* End XCConfigurationList section */
	};
	rootObject = 516750831C6D4D8700AEC6F7 /* Project object */;
}
